
Microsoft Visual Studio Solution File, Format Version 12.00
# Visual Studio Version 17
VisualStudioVersion = 17.8.34316.72
MinimumVisualStudioVersion = 10.0.40219.1
Project("{FAE04EC0-301F-11D3-BF4B-00C04F79EFBC}") = "MedicalSystem", "MedicalSystem\MedicalSystem.csproj", "{4A4FC98F-0263-48DE-BA33-0890F1AC3698}"
EndProject
Global
	GlobalSection(SolutionConfigurationPlatforms) = preSolution
		Debug|Any CPU = Debug|Any CPU
		Release|Any CPU = Release|Any CPU
	EndGlobalSection
	GlobalSection(ProjectConfigurationPlatforms) = postSolution
		{4A4FC98F-0263-48DE-BA33-0890F1AC3698}.Debug|Any CPU.ActiveCfg = Debug|Any CPU
		{4A4FC98F-0263-48DE-BA33-0890F1AC3698}.Debug|Any CPU.Build.0 = Debug|Any CPU
		{4A4FC98F-0263-48DE-BA33-0890F1AC3698}.Release|Any CPU.ActiveCfg = Release|Any CPU
		{4A4FC98F-0263-48DE-BA33-0890F1AC3698}.Release|Any CPU.Build.0 = Release|Any CPU
	EndGlobalSection
	GlobalSection(SolutionProperties) = preSolution
		HideSolutionNode = FALSE
	EndGlobalSection
	GlobalSection(ExtensibilityGlobals) = postSolution
		SolutionGuid = {AE1778DF-0CE5-4BA4-88EC-8CA596C1C008}
	EndGlobalSection
EndGlobal
